<?xml version="1.0" encoding="utf-8"?>
<Project ToolsVersion="4.0" xmlns="http://schemas.microsoft.com/developer/msbuild/2003">
  <ItemGroup>
    <Filter Include="소스 파일">
      <UniqueIdentifier>{4FC737F1-C7A5-4376-A066-2A32D752A2FF}</UniqueIdentifier>
      <Extensions>cpp;c;cc;cxx;c++;def;odl;idl;hpj;bat;asm;asmx</Extensions>
    </Filter>
    <Filter Include="헤더 파일">
      <UniqueIdentifier>{93995380-89BD-4b04-88EB-625FBE52EBFB}</UniqueIdentifier>
      <Extensions>h;hh;hpp;hxx;h++;hm;inl;inc;ipp;xsd</Extensions>
    </Filter>
    <Filter Include="리소스 파일">
      <UniqueIdentifier>{67DA6AB6-F800-4c08-8B7A-83BB121AAD01}</UniqueIdentifier>
      <Extensions>rc;ico;cur;bmp;dlg;rc2;rct;bin;rgs;gif;jpg;jpeg;jpe;resx;tiff;tif;png;wav;mfcribbon-ms</Extensions>
    </Filter>
    <Filter Include="헤더 파일\00. System">
      <UniqueIdentifier>{ab60d73b-ef54-41b9-8096-f4837d0f3423}</UniqueIdentifier>
    </Filter>
    <Filter Include="헤더 파일\01. User">
      <UniqueIdentifier>{0b5880a4-e839-482a-8cb6-04fbf00155b2}</UniqueIdentifier>
    </Filter>
    <Filter Include="소스 파일\00.MainServer">
      <UniqueIdentifier>{b944afc9-a5aa-4b1e-8026-e8a6c5c21de4}</UniqueIdentifier>
    </Filter>
    <Filter Include="헤더 파일\02. Lua">
      <UniqueIdentifier>{20bf3e0c-c595-4fcd-90fb-8bc360d2866f}</UniqueIdentifier>
    </Filter>
    <Filter Include="소스 파일\01.PacketMgr">
      <UniqueIdentifier>{613c0c74-d555-4e22-8440-915f40811ba6}</UniqueIdentifier>
    </Filter>
    <Filter Include="소스 파일\02.serverFunc">
      <UniqueIdentifier>{a655df77-a20e-47a6-a543-ca98f9dd73bb}</UniqueIdentifier>
    </Filter>
    <Filter Include="소스 파일\03.NPC">
      <UniqueIdentifier>{3abb0a86-4ad3-4492-8694-fe10bae9c9db}</UniqueIdentifier>
    </Filter>
    <Filter Include="소스 파일\04.DB">
      <UniqueIdentifier>{b4fd2a56-a546-4e7e-9075-3c4765ef5042}</UniqueIdentifier>
    </Filter>
  </ItemGroup>
  <ItemGroup>
    <ClInclude Include="protocol.h">
      <Filter>헤더 파일\01. User</Filter>
    </ClInclude>
    <ClInclude Include="stdafx.h">
      <Filter>헤더 파일\00. System</Filter>
    </ClInclude>
    <ClInclude Include="define.h">
      <Filter>헤더 파일\01. User</Filter>
    </ClInclude>
    <ClInclude Include="enum.h">
      <Filter>헤더 파일\01. User</Filter>
    </ClInclude>
    <ClInclude Include="include\lauxlib.h">
      <Filter>헤더 파일\02. Lua</Filter>
    </ClInclude>
    <ClInclude Include="include\lua.h">
      <Filter>헤더 파일\02. Lua</Filter>
    </ClInclude>
    <ClInclude Include="include\lua.hpp">
      <Filter>헤더 파일\02. Lua</Filter>
    </ClInclude>
    <ClInclude Include="include\luaconf.h">
      <Filter>헤더 파일\02. Lua</Filter>
    </ClInclude>
    <ClInclude Include="include\lualib.h">
      <Filter>헤더 파일\02. Lua</Filter>
    </ClInclude>
    <ClInclude Include="struct.h">
      <Filter>헤더 파일\01. User</Filter>
    </ClInclude>
    <ClInclude Include="extern.h">
      <Filter>헤더 파일\01. User</Filter>
    </ClInclude>
    <ClInclude Include="function.h">
      <Filter>헤더 파일\01. User</Filter>
    </ClInclude>
    <ClInclude Include="PacketMgr.h">
      <Filter>소스 파일\01.PacketMgr</Filter>
    </ClInclude>
    <ClInclude Include="serverFunc.h">
      <Filter>소스 파일\02.serverFunc</Filter>
    </ClInclude>
    <ClInclude Include="npc.h">
      <Filter>소스 파일\03.NPC</Filter>
    </ClInclude>
    <ClInclude Include="my_DB.h">
      <Filter>소스 파일\04.DB</Filter>
    </ClInclude>
  </ItemGroup>
  <ItemGroup>
    <ClCompile Include="iocp_main_server.cpp">
      <Filter>소스 파일\00.MainServer</Filter>
    </ClCompile>
    <ClCompile Include="PacketMgr.cpp">
      <Filter>소스 파일\01.PacketMgr</Filter>
    </ClCompile>
    <ClCompile Include="serverFunc.cpp">
      <Filter>소스 파일\02.serverFunc</Filter>
    </ClCompile>
    <ClCompile Include="npc.cpp">
      <Filter>소스 파일\03.NPC</Filter>
    </ClCompile>
    <ClCompile Include="my_DB.cpp">
      <Filter>소스 파일\04.DB</Filter>
    </ClCompile>
  </ItemGroup>
  <ItemGroup>
    <Library Include="lua54.lib">
      <Filter>리소스 파일</Filter>
    </Library>
  </ItemGroup>
  <ItemGroup>
    <None Include="monster.lua">
      <Filter>리소스 파일</Filter>
    </None>
  </ItemGroup>
</Project>